
Microsoft Visual Studio Solution File, Format Version 12.00
# Visual Studio 14
VisualStudioVersion = 14.0.25123.0
MinimumVisualStudioVersion = 10.0.40219.1
Project("{FAE04EC0-301F-11D3-BF4B-00C04F79EFBC}") = "Branch", "Branch\Branch.csproj", "{F984EA43-D412-4CDE-BA34-2EB4EF795FAA}"
EndProject
Project("{FAE04EC0-301F-11D3-BF4B-00C04F79EFBC}") = "Frumos", "Frumos\Frumos.csproj", "{1A641E1D-0D6A-4718-82FA-7E5D4E510D4D}"
EndProject
Global
	GlobalSection(SolutionConfigurationPlatforms) = preSolution
		Debug|Any CPU = Debug|Any CPU
		Release|Any CPU = Release|Any CPU
	EndGlobalSection
	GlobalSection(ProjectConfigurationPlatforms) = postSolution
		{F984EA43-D412-4CDE-BA34-2EB4EF795FAA}.Debug|Any CPU.ActiveCfg = Debug|Any CPU
		{F984EA43-D412-4CDE-BA34-2EB4EF795FAA}.Debug|Any CPU.Build.0 = Debug|Any CPU
		{F984EA43-D412-4CDE-BA34-2EB4EF795FAA}.Release|Any CPU.ActiveCfg = Release|Any CPU
		{F984EA43-D412-4CDE-BA34-2EB4EF795FAA}.Release|Any CPU.Build.0 = Release|Any CPU
		{1A641E1D-0D6A-4718-82FA-7E5D4E510D4D}.Debug|Any CPU.ActiveCfg = Debug|Any CPU
		{1A641E1D-0D6A-4718-82FA-7E5D4E510D4D}.Debug|Any CPU.Build.0 = Debug|Any CPU
		{1A641E1D-0D6A-4718-82FA-7E5D4E510D4D}.Release|Any CPU.ActiveCfg = Release|Any CPU
		{1A641E1D-0D6A-4718-82FA-7E5D4E510D4D}.Release|Any CPU.Build.0 = Release|Any CPU
	EndGlobalSection
	GlobalSection(SolutionProperties) = preSolution
		HideSolutionNode = FALSE
	EndGlobalSection
EndGlobal
